
Microsoft Visual Studio Solution File, Format Version 12.00
# Visual Studio Version 16
VisualStudioVersion = 16.0.31410.357
MinimumVisualStudioVersion = 10.0.40219.1
Project("{FAE04EC0-301F-11D3-BF4B-00C04F79EFBC}") = "MailValidatorProjectExampleXUnit", "MailValidatorProjectExampleXUnit\MailValidatorProjectExampleXUnit.csproj", "{6227ACBC-DC34-49DF-A2A9-38AD7A941510}"
EndProject
Project("{FAE04EC0-301F-11D3-BF4B-00C04F79EFBC}") = "UnitTestingXUnitIntro.Tests", "UnitTestingXUnitIntro.Tests\UnitTestingXUnitIntro.Tests.csproj", "{4D6FAE2A-7BC1-456E-AB98-F56A4027A04E}"
EndProject
Global
	GlobalSection(SolutionConfigurationPlatforms) = preSolution
		Debug|Any CPU = Debug|Any CPU
		Release|Any CPU = Release|Any CPU
	EndGlobalSection
	GlobalSection(ProjectConfigurationPlatforms) = postSolution
		{6227ACBC-DC34-49DF-A2A9-38AD7A941510}.Debug|Any CPU.ActiveCfg = Debug|Any CPU
		{6227ACBC-DC34-49DF-A2A9-38AD7A941510}.Debug|Any CPU.Build.0 = Debug|Any CPU
		{6227ACBC-DC34-49DF-A2A9-38AD7A941510}.Release|Any CPU.ActiveCfg = Release|Any CPU
		{6227ACBC-DC34-49DF-A2A9-38AD7A941510}.Release|Any CPU.Build.0 = Release|Any CPU
		{4D6FAE2A-7BC1-456E-AB98-F56A4027A04E}.Debug|Any CPU.ActiveCfg = Debug|Any CPU
		{4D6FAE2A-7BC1-456E-AB98-F56A4027A04E}.Debug|Any CPU.Build.0 = Debug|Any CPU
		{4D6FAE2A-7BC1-456E-AB98-F56A4027A04E}.Release|Any CPU.ActiveCfg = Release|Any CPU
		{4D6FAE2A-7BC1-456E-AB98-F56A4027A04E}.Release|Any CPU.Build.0 = Release|Any CPU
	EndGlobalSection
	GlobalSection(SolutionProperties) = preSolution
		HideSolutionNode = FALSE
	EndGlobalSection
	GlobalSection(ExtensibilityGlobals) = postSolution
		SolutionGuid = {F5515DC3-CA1D-400E-8541-8C19551EA596}
	EndGlobalSection
EndGlobal
